
Microsoft Visual Studio Solution File, Format Version 12.00
# Visual Studio Version 17
VisualStudioVersion = 17.7.34031.279
MinimumVisualStudioVersion = 10.0.40219.1
Project("{FAE04EC0-301F-11D3-BF4B-00C04F79EFBC}") = "Tutorial5", "Tutorial5.csproj", "{0ED0FD8F-79A5-4835-977D-F897B793D35C}"
EndProject
Global
	GlobalSection(SolutionConfigurationPlatforms) = preSolution
		Debug|Any CPU = Debug|Any CPU
		Release|Any CPU = Release|Any CPU
	EndGlobalSection
	GlobalSection(ProjectConfigurationPlatforms) = postSolution
		{0ED0FD8F-79A5-4835-977D-F897B793D35C}.Debug|Any CPU.ActiveCfg = Debug|Any CPU
		{0ED0FD8F-79A5-4835-977D-F897B793D35C}.Debug|Any CPU.Build.0 = Debug|Any CPU
		{0ED0FD8F-79A5-4835-977D-F897B793D35C}.Release|Any CPU.ActiveCfg = Release|Any CPU
		{0ED0FD8F-79A5-4835-977D-F897B793D35C}.Release|Any CPU.Build.0 = Release|Any CPU
	EndGlobalSection
	GlobalSection(SolutionProperties) = preSolution
		HideSolutionNode = FALSE
	EndGlobalSection
	GlobalSection(ExtensibilityGlobals) = postSolution
		SolutionGuid = {BAE477CF-E5AF-46D1-9315-EBFFB76682B3}
	EndGlobalSection
EndGlobal
