
Microsoft Visual Studio Solution File, Format Version 12.00
# Visual Studio Version 17
VisualStudioVersion = 17.7.34031.279
MinimumVisualStudioVersion = 10.0.40219.1
Project("{FAE04EC0-301F-11D3-BF4B-00C04F79EFBC}") = "EXAM ONE-12", "EXAM ONE-12.csproj", "{A648AC98-F177-4812-B9C7-A1BFA06DCAE9}"
EndProject
Global
	GlobalSection(SolutionConfigurationPlatforms) = preSolution
		Debug|Any CPU = Debug|Any CPU
		Release|Any CPU = Release|Any CPU
	EndGlobalSection
	GlobalSection(ProjectConfigurationPlatforms) = postSolution
		{A648AC98-F177-4812-B9C7-A1BFA06DCAE9}.Debug|Any CPU.ActiveCfg = Debug|Any CPU
		{A648AC98-F177-4812-B9C7-A1BFA06DCAE9}.Debug|Any CPU.Build.0 = Debug|Any CPU
		{A648AC98-F177-4812-B9C7-A1BFA06DCAE9}.Release|Any CPU.ActiveCfg = Release|Any CPU
		{A648AC98-F177-4812-B9C7-A1BFA06DCAE9}.Release|Any CPU.Build.0 = Release|Any CPU
	EndGlobalSection
	GlobalSection(SolutionProperties) = preSolution
		HideSolutionNode = FALSE
	EndGlobalSection
	GlobalSection(ExtensibilityGlobals) = postSolution
		SolutionGuid = {5C803443-3F04-40ED-B703-5BD218F9AFB4}
	EndGlobalSection
EndGlobal
