
Microsoft Visual Studio Solution File, Format Version 12.00
# Visual Studio Version 17
VisualStudioVersion = 17.7.34031.279
MinimumVisualStudioVersion = 10.0.40219.1
Project("{FAE04EC0-301F-11D3-BF4B-00C04F79EFBC}") = "EXAM2-PhoneApp", "EXAM2-PhoneApp.csproj", "{98ED61BC-E963-4A76-8FD3-6989D0EADD42}"
EndProject
Global
	GlobalSection(SolutionConfigurationPlatforms) = preSolution
		Debug|Any CPU = Debug|Any CPU
		Release|Any CPU = Release|Any CPU
	EndGlobalSection
	GlobalSection(ProjectConfigurationPlatforms) = postSolution
		{98ED61BC-E963-4A76-8FD3-6989D0EADD42}.Debug|Any CPU.ActiveCfg = Debug|Any CPU
		{98ED61BC-E963-4A76-8FD3-6989D0EADD42}.Debug|Any CPU.Build.0 = Debug|Any CPU
		{98ED61BC-E963-4A76-8FD3-6989D0EADD42}.Release|Any CPU.ActiveCfg = Release|Any CPU
		{98ED61BC-E963-4A76-8FD3-6989D0EADD42}.Release|Any CPU.Build.0 = Release|Any CPU
	EndGlobalSection
	GlobalSection(SolutionProperties) = preSolution
		HideSolutionNode = FALSE
	EndGlobalSection
	GlobalSection(ExtensibilityGlobals) = postSolution
		SolutionGuid = {5E782AAB-BD4D-481C-B4CE-FDE449879861}
	EndGlobalSection
EndGlobal
