
Microsoft Visual Studio Solution File, Format Version 12.00
# Visual Studio Version 17
VisualStudioVersion = 17.7.34031.279
MinimumVisualStudioVersion = 10.0.40219.1
Project("{FAE04EC0-301F-11D3-BF4B-00C04F79EFBC}") = "EXAM problem 1", "EXAM problem 1.csproj", "{51B067DF-CBF9-48DA-B649-8FAF946EC484}"
EndProject
Global
	GlobalSection(SolutionConfigurationPlatforms) = preSolution
		Debug|Any CPU = Debug|Any CPU
		Release|Any CPU = Release|Any CPU
	EndGlobalSection
	GlobalSection(ProjectConfigurationPlatforms) = postSolution
		{51B067DF-CBF9-48DA-B649-8FAF946EC484}.Debug|Any CPU.ActiveCfg = Debug|Any CPU
		{51B067DF-CBF9-48DA-B649-8FAF946EC484}.Debug|Any CPU.Build.0 = Debug|Any CPU
		{51B067DF-CBF9-48DA-B649-8FAF946EC484}.Release|Any CPU.ActiveCfg = Release|Any CPU
		{51B067DF-CBF9-48DA-B649-8FAF946EC484}.Release|Any CPU.Build.0 = Release|Any CPU
	EndGlobalSection
	GlobalSection(SolutionProperties) = preSolution
		HideSolutionNode = FALSE
	EndGlobalSection
	GlobalSection(ExtensibilityGlobals) = postSolution
		SolutionGuid = {E7D8AA26-17E0-4C0B-977F-EBE117BE11E3}
	EndGlobalSection
EndGlobal
