
Microsoft Visual Studio Solution File, Format Version 12.00
# Visual Studio Version 17
VisualStudioVersion = 17.7.34031.279
MinimumVisualStudioVersion = 10.0.40219.1
Project("{FAE04EC0-301F-11D3-BF4B-00C04F79EFBC}") = "CourseLib", "CourseLib.csproj", "{9CDA508B-6BA8-48EB-84B0-9476ADEACACF}"
EndProject
Global
	GlobalSection(SolutionConfigurationPlatforms) = preSolution
		Debug|Any CPU = Debug|Any CPU
		Release|Any CPU = Release|Any CPU
	EndGlobalSection
	GlobalSection(ProjectConfigurationPlatforms) = postSolution
		{9CDA508B-6BA8-48EB-84B0-9476ADEACACF}.Debug|Any CPU.ActiveCfg = Debug|Any CPU
		{9CDA508B-6BA8-48EB-84B0-9476ADEACACF}.Debug|Any CPU.Build.0 = Debug|Any CPU
		{9CDA508B-6BA8-48EB-84B0-9476ADEACACF}.Release|Any CPU.ActiveCfg = Release|Any CPU
		{9CDA508B-6BA8-48EB-84B0-9476ADEACACF}.Release|Any CPU.Build.0 = Release|Any CPU
	EndGlobalSection
	GlobalSection(SolutionProperties) = preSolution
		HideSolutionNode = FALSE
	EndGlobalSection
	GlobalSection(ExtensibilityGlobals) = postSolution
		SolutionGuid = {39560193-2B0B-4591-80C0-E7DCF6B6BD52}
	EndGlobalSection
EndGlobal
