
Microsoft Visual Studio Solution File, Format Version 12.00
# Visual Studio Version 17
VisualStudioVersion = 17.7.34018.315
MinimumVisualStudioVersion = 10.0.40219.1
Project("{FAE04EC0-301F-11D3-BF4B-00C04F79EFBC}") = "GIthubFisrtCommit", "GIthubFisrtCommit\GIthubFisrtCommit.csproj", "{168CC571-F688-4741-9DA5-20307286A0FF}"
EndProject
Global
	GlobalSection(SolutionConfigurationPlatforms) = preSolution
		Debug|Any CPU = Debug|Any CPU
		Release|Any CPU = Release|Any CPU
	EndGlobalSection
	GlobalSection(ProjectConfigurationPlatforms) = postSolution
		{168CC571-F688-4741-9DA5-20307286A0FF}.Debug|Any CPU.ActiveCfg = Debug|Any CPU
		{168CC571-F688-4741-9DA5-20307286A0FF}.Debug|Any CPU.Build.0 = Debug|Any CPU
		{168CC571-F688-4741-9DA5-20307286A0FF}.Release|Any CPU.ActiveCfg = Release|Any CPU
		{168CC571-F688-4741-9DA5-20307286A0FF}.Release|Any CPU.Build.0 = Release|Any CPU
	EndGlobalSection
	GlobalSection(SolutionProperties) = preSolution
		HideSolutionNode = FALSE
	EndGlobalSection
	GlobalSection(ExtensibilityGlobals) = postSolution
		SolutionGuid = {D6AF2FBD-7D2A-45C0-B737-0B7E6D41C81A}
	EndGlobalSection
EndGlobal
