
Microsoft Visual Studio Solution File, Format Version 12.00
# Visual Studio Version 17
VisualStudioVersion = 17.7.34031.279
MinimumVisualStudioVersion = 10.0.40219.1
Project("{FAE04EC0-301F-11D3-BF4B-00C04F79EFBC}") = "Dyscord", "Dyscord.csproj", "{04F0E85F-EBF3-4C21-A46F-EC984240F1CB}"
EndProject
Global
	GlobalSection(SolutionConfigurationPlatforms) = preSolution
		Debug|Any CPU = Debug|Any CPU
		Release|Any CPU = Release|Any CPU
	EndGlobalSection
	GlobalSection(ProjectConfigurationPlatforms) = postSolution
		{04F0E85F-EBF3-4C21-A46F-EC984240F1CB}.Debug|Any CPU.ActiveCfg = Debug|Any CPU
		{04F0E85F-EBF3-4C21-A46F-EC984240F1CB}.Debug|Any CPU.Build.0 = Debug|Any CPU
		{04F0E85F-EBF3-4C21-A46F-EC984240F1CB}.Release|Any CPU.ActiveCfg = Release|Any CPU
		{04F0E85F-EBF3-4C21-A46F-EC984240F1CB}.Release|Any CPU.Build.0 = Release|Any CPU
	EndGlobalSection
	GlobalSection(SolutionProperties) = preSolution
		HideSolutionNode = FALSE
	EndGlobalSection
	GlobalSection(ExtensibilityGlobals) = postSolution
		SolutionGuid = {58F4B017-9082-4B1B-A8D4-8B57ECC2507D}
	EndGlobalSection
EndGlobal
