
Microsoft Visual Studio Solution File, Format Version 12.00
# Visual Studio Version 17
VisualStudioVersion = 17.7.34031.279
MinimumVisualStudioVersion = 10.0.40219.1
Project("{FAE04EC0-301F-11D3-BF4B-00C04F79EFBC}") = "EXAM ONE-13", "EXAM ONE-13.csproj", "{35450A78-7DB9-48F8-AAA7-3E3B9E5B0127}"
EndProject
Global
	GlobalSection(SolutionConfigurationPlatforms) = preSolution
		Debug|Any CPU = Debug|Any CPU
		Release|Any CPU = Release|Any CPU
	EndGlobalSection
	GlobalSection(ProjectConfigurationPlatforms) = postSolution
		{35450A78-7DB9-48F8-AAA7-3E3B9E5B0127}.Debug|Any CPU.ActiveCfg = Debug|Any CPU
		{35450A78-7DB9-48F8-AAA7-3E3B9E5B0127}.Debug|Any CPU.Build.0 = Debug|Any CPU
		{35450A78-7DB9-48F8-AAA7-3E3B9E5B0127}.Release|Any CPU.ActiveCfg = Release|Any CPU
		{35450A78-7DB9-48F8-AAA7-3E3B9E5B0127}.Release|Any CPU.Build.0 = Release|Any CPU
	EndGlobalSection
	GlobalSection(SolutionProperties) = preSolution
		HideSolutionNode = FALSE
	EndGlobalSection
	GlobalSection(ExtensibilityGlobals) = postSolution
		SolutionGuid = {7295DF9C-0EA2-4474-AA98-529DEF6B3476}
	EndGlobalSection
EndGlobal
