
Microsoft Visual Studio Solution File, Format Version 12.00
# Visual Studio Version 17
VisualStudioVersion = 17.7.34031.279
MinimumVisualStudioVersion = 10.0.40219.1
Project("{FAE04EC0-301F-11D3-BF4B-00C04F79EFBC}") = "PeopleApp", "PeopleApp.csproj", "{07B87D82-3B95-4CB3-901C-0C7902E6F07A}"
EndProject
Project("{FAE04EC0-301F-11D3-BF4B-00C04F79EFBC}") = "PeopleLib", "..\PeopleLib\PeopleLib.csproj", "{BFF56B25-607D-4E77-992D-41E42FD2A6B4}"
EndProject
Global
	GlobalSection(SolutionConfigurationPlatforms) = preSolution
		Debug|Any CPU = Debug|Any CPU
		Release|Any CPU = Release|Any CPU
	EndGlobalSection
	GlobalSection(ProjectConfigurationPlatforms) = postSolution
		{07B87D82-3B95-4CB3-901C-0C7902E6F07A}.Debug|Any CPU.ActiveCfg = Debug|Any CPU
		{07B87D82-3B95-4CB3-901C-0C7902E6F07A}.Debug|Any CPU.Build.0 = Debug|Any CPU
		{07B87D82-3B95-4CB3-901C-0C7902E6F07A}.Release|Any CPU.ActiveCfg = Release|Any CPU
		{07B87D82-3B95-4CB3-901C-0C7902E6F07A}.Release|Any CPU.Build.0 = Release|Any CPU
		{BFF56B25-607D-4E77-992D-41E42FD2A6B4}.Debug|Any CPU.ActiveCfg = Debug|Any CPU
		{BFF56B25-607D-4E77-992D-41E42FD2A6B4}.Debug|Any CPU.Build.0 = Debug|Any CPU
		{BFF56B25-607D-4E77-992D-41E42FD2A6B4}.Release|Any CPU.ActiveCfg = Release|Any CPU
		{BFF56B25-607D-4E77-992D-41E42FD2A6B4}.Release|Any CPU.Build.0 = Release|Any CPU
	EndGlobalSection
	GlobalSection(SolutionProperties) = preSolution
		HideSolutionNode = FALSE
	EndGlobalSection
	GlobalSection(ExtensibilityGlobals) = postSolution
		SolutionGuid = {F8EA7872-7BDB-4C08-AC05-31B69D76A076}
	EndGlobalSection
EndGlobal
