
Microsoft Visual Studio Solution File, Format Version 12.00
# Visual Studio Version 17
VisualStudioVersion = 17.7.34018.315
MinimumVisualStudioVersion = 10.0.40219.1
Project("{FAE04EC0-301F-11D3-BF4B-00C04F79EFBC}") = "Heim_PE1", "Heim_PE1.csproj", "{208BAC3C-278B-4268-9D27-9668352FF284}"
EndProject
Global
	GlobalSection(SolutionConfigurationPlatforms) = preSolution
		Debug|Any CPU = Debug|Any CPU
		Release|Any CPU = Release|Any CPU
	EndGlobalSection
	GlobalSection(ProjectConfigurationPlatforms) = postSolution
		{208BAC3C-278B-4268-9D27-9668352FF284}.Debug|Any CPU.ActiveCfg = Debug|Any CPU
		{208BAC3C-278B-4268-9D27-9668352FF284}.Debug|Any CPU.Build.0 = Debug|Any CPU
		{208BAC3C-278B-4268-9D27-9668352FF284}.Release|Any CPU.ActiveCfg = Release|Any CPU
		{208BAC3C-278B-4268-9D27-9668352FF284}.Release|Any CPU.Build.0 = Release|Any CPU
	EndGlobalSection
	GlobalSection(SolutionProperties) = preSolution
		HideSolutionNode = FALSE
	EndGlobalSection
	GlobalSection(ExtensibilityGlobals) = postSolution
		SolutionGuid = {4B1AED4B-A7FC-4670-A10C-A4ECA530AFA9}
	EndGlobalSection
EndGlobal
