
Microsoft Visual Studio Solution File, Format Version 12.00
# Visual Studio Version 17
VisualStudioVersion = 17.7.34018.315
MinimumVisualStudioVersion = 10.0.40219.1
<<<<<<< HEAD:GithubFirstCommit/GithubFirstCommit.sln
Project("{FAE04EC0-301F-11D3-BF4B-00C04F79EFBC}") = "GithubFirstCommit", "GithubFirstCommit\GithubFirstCommit.csproj", "{F19DE00A-B8AA-4BA0-9C37-FE05E682A7C8}"
=======
Project("{FAE04EC0-301F-11D3-BF4B-00C04F79EFBC}") = "Heim_PE1", "Heim_PE1.csproj", "{92BF9625-36D0-49BE-A020-3C9944BF25A7}"
>>>>>>> Hello World:Heim_PE1/Heim_PE1.sln
EndProject
Global
	GlobalSection(SolutionConfigurationPlatforms) = preSolution
		Debug|Any CPU = Debug|Any CPU
		Release|Any CPU = Release|Any CPU
	EndGlobalSection
	GlobalSection(ProjectConfigurationPlatforms) = postSolution
<<<<<<< HEAD:GithubFirstCommit/GithubFirstCommit.sln
		{F19DE00A-B8AA-4BA0-9C37-FE05E682A7C8}.Debug|Any CPU.ActiveCfg = Debug|Any CPU
		{F19DE00A-B8AA-4BA0-9C37-FE05E682A7C8}.Debug|Any CPU.Build.0 = Debug|Any CPU
		{F19DE00A-B8AA-4BA0-9C37-FE05E682A7C8}.Release|Any CPU.ActiveCfg = Release|Any CPU
		{F19DE00A-B8AA-4BA0-9C37-FE05E682A7C8}.Release|Any CPU.Build.0 = Release|Any CPU
=======
		{92BF9625-36D0-49BE-A020-3C9944BF25A7}.Debug|Any CPU.ActiveCfg = Debug|Any CPU
		{92BF9625-36D0-49BE-A020-3C9944BF25A7}.Debug|Any CPU.Build.0 = Debug|Any CPU
		{92BF9625-36D0-49BE-A020-3C9944BF25A7}.Release|Any CPU.ActiveCfg = Release|Any CPU
		{92BF9625-36D0-49BE-A020-3C9944BF25A7}.Release|Any CPU.Build.0 = Release|Any CPU
>>>>>>> Hello World:Heim_PE1/Heim_PE1.sln
	EndGlobalSection
	GlobalSection(SolutionProperties) = preSolution
		HideSolutionNode = FALSE
	EndGlobalSection
	GlobalSection(ExtensibilityGlobals) = postSolution
<<<<<<< HEAD:GithubFirstCommit/GithubFirstCommit.sln
		SolutionGuid = {D57255BC-5FDE-4F3E-A505-D9D2CD0F0218}
=======
		SolutionGuid = {32554F65-BEAB-464C-8628-D55747F20F34}
>>>>>>> Hello World:Heim_PE1/Heim_PE1.sln
	EndGlobalSection
EndGlobal
