
Microsoft Visual Studio Solution File, Format Version 12.00
# Visual Studio Version 17
VisualStudioVersion = 17.7.34031.279
MinimumVisualStudioVersion = 10.0.40219.1
Project("{FAE04EC0-301F-11D3-BF4B-00C04F79EFBC}") = "PE8-9", "PE8-9.csproj", "{0B6C17FC-0ECD-4AE3-8C38-7119139E6025}"
EndProject
Global
	GlobalSection(SolutionConfigurationPlatforms) = preSolution
		Debug|Any CPU = Debug|Any CPU
		Release|Any CPU = Release|Any CPU
	EndGlobalSection
	GlobalSection(ProjectConfigurationPlatforms) = postSolution
		{0B6C17FC-0ECD-4AE3-8C38-7119139E6025}.Debug|Any CPU.ActiveCfg = Debug|Any CPU
		{0B6C17FC-0ECD-4AE3-8C38-7119139E6025}.Debug|Any CPU.Build.0 = Debug|Any CPU
		{0B6C17FC-0ECD-4AE3-8C38-7119139E6025}.Release|Any CPU.ActiveCfg = Release|Any CPU
		{0B6C17FC-0ECD-4AE3-8C38-7119139E6025}.Release|Any CPU.Build.0 = Release|Any CPU
	EndGlobalSection
	GlobalSection(SolutionProperties) = preSolution
		HideSolutionNode = FALSE
	EndGlobalSection
	GlobalSection(ExtensibilityGlobals) = postSolution
		SolutionGuid = {638CEB8E-8EC4-4658-9E52-DF08AC97BD9B}
	EndGlobalSection
EndGlobal
